// !$*UTF8*$!
{
	archiveVersion = 1;
	classes = {
	};
	objectVersion = 55;
	objects = {

/* Begin PBXBuildFile section */
		D042F6C32842B57C0025468C /* AppDelegate.swift in Sources */ = {isa = PBXBuildFile; fileRef = D042F6C22842B57C0025468C /* AppDelegate.swift */; };
		D042F6C52842B57C0025468C /* SceneDelegate.swift in Sources */ = {isa = PBXBuildFile; fileRef = D042F6C42842B57C0025468C /* SceneDelegate.swift */; };
		D042F6C72842B57C0025468C /* ViewController.swift in Sources */ = {isa = PBXBuildFile; fileRef = D042F6C62842B57C0025468C /* ViewController.swift */; };
		D042F6CA2842B57C0025468C /* Main.storyboard in Resources */ = {isa = PBXBuildFile; fileRef = D042F6C82842B57C0025468C /* Main.storyboard */; };
		D042F6CC2842B57E0025468C /* Assets.xcassets in Resources */ = {isa = PBXBuildFile; fileRef = D042F6CB2842B57E0025468C /* Assets.xcassets */; };
		D042F6CF2842B57E0025468C /* LaunchScreen.storyboard in Resources */ = {isa = PBXBuildFile; fileRef = D042F6CD2842B57E0025468C /* LaunchScreen.storyboard */; };
		D042F6D72842B89F0025468C /* TableViewController.swift in Sources */ = {isa = PBXBuildFile; fileRef = D042F6D62842B89F0025468C /* TableViewController.swift */; };
		D042F6D92842CE040025468C /* InternetStatus.swift in Sources */ = {isa = PBXBuildFile; fileRef = D042F6D82842CE040025468C /* InternetStatus.swift */; };
		D042F6DC2842D9B60025468C /* WebKit.framework in Frameworks */ = {isa = PBXBuildFile; fileRef = D042F6DB2842D9B60025468C /* WebKit.framework */; };
/* End PBXBuildFile section */

/* Begin PBXFileReference section */
		D042F6BF2842B57C0025468C /* PRAC02M07.app */ = {isa = PBXFileReference; explicitFileType = wrapper.application; includeInIndex = 0; path = PRAC02M07.app; sourceTree = BUILT_PRODUCTS_DIR; };
		D042F6C22842B57C0025468C /* AppDelegate.swift */ = {isa = PBXFileReference; lastKnownFileType = sourcecode.swift; path = AppDelegate.swift; sourceTree = "<group>"; };
		D042F6C42842B57C0025468C /* SceneDelegate.swift */ = {isa = PBXFileReference; lastKnownFileType = sourcecode.swift; path = SceneDelegate.swift; sourceTree = "<group>"; };
		D042F6C62842B57C0025468C /* ViewController.swift */ = {isa = PBXFileReference; lastKnownFileType = sourcecode.swift; path = ViewController.swift; sourceTree = "<group>"; };
		D042F6C92842B57C0025468C /* Base */ = {isa = PBXFileReference; lastKnownFileType = file.storyboard; name = Base; path = Base.lproj/Main.storyboard; sourceTree = "<group>"; };
		D042F6CB2842B57E0025468C /* Assets.xcassets */ = {isa = PBXFileReference; lastKnownFileType = folder.assetcatalog; path = Assets.xcassets; sourceTree = "<group>"; };
		D042F6CE2842B57E0025468C /* Base */ = {isa = PBXFileReference; lastKnownFileType = file.storyboard; name = Base; path = Base.lproj/LaunchScreen.storyboard; sourceTree = "<group>"; };
		D042F6D02842B57E0025468C /* Info.plist */ = {isa = PBXFileReference; lastKnownFileType = text.plist.xml; path = Info.plist; sourceTree = "<group>"; };
		D042F6D62842B89F0025468C /* TableViewController.swift */ = {isa = PBXFileReference; lastKnownFileType = sourcecode.swift; path = TableViewController.swift; sourceTree = "<group>"; };
		D042F6D82842CE040025468C /* InternetStatus.swift */ = {isa = PBXFileReference; lastKnownFileType = sourcecode.swift; path = InternetStatus.swift; sourceTree = "<group>"; };
		D042F6DB2842D9B60025468C /* WebKit.framework */ = {isa = PBXFileReference; lastKnownFileType = wrapper.framework; name = WebKit.framework; path = System/Library/Frameworks/WebKit.framework; sourceTree = SDKROOT; };
		D042F6DD2842D9C20025468C /* Network.framework */ = {isa = PBXFileReference; lastKnownFileType = wrapper.framework; name = Network.framework; path = System/Library/Frameworks/Network.framework; sourceTree = SDKROOT; };
/* End PBXFileReference section */

/* Begin PBXFrameworksBuildPhase section */
		D042F6BC2842B57C0025468C /* Frameworks */ = {
			isa = PBXFrameworksBuildPhase;
			buildActionMask = 2147483647;
			files = (
				D042F6DC2842D9B60025468C /* WebKit.framework in Frameworks */,
			);
			runOnlyForDeploymentPostprocessing = 0;
		};
/* End PBXFrameworksBuildPhase section */

/* Begin PBXGroup section */
		D042F6B62842B57C0025468C = {
			isa = PBXGroup;
			children = (
				D042F6C12842B57C0025468C /* PRAC02M07 */,
				D042F6C02842B57C0025468C /* Products */,
				D042F6DA2842D9B60025468C /* Frameworks */,
			);
			sourceTree = "<group>";
		};
		D042F6C02842B57C0025468C /* Products */ = {
			isa = PBXGroup;
			children = (
				D042F6BF2842B57C0025468C /* PRAC02M07.app */,
			);
			name = Products;
			sourceTree = "<group>";
		};
		D042F6C12842B57C0025468C /* PRAC02M07 */ = {
			isa = PBXGroup;
			children = (
				D042F6C22842B57C0025468C /* AppDelegate.swift */,
				D042F6C42842B57C0025468C /* SceneDelegate.swift */,
				D042F6C62842B57C0025468C /* ViewController.swift */,
				D042F6C82842B57C0025468C /* Main.storyboard */,
				D042F6CB2842B57E0025468C /* Assets.xcassets */,
				D042F6CD2842B57E0025468C /* LaunchScreen.storyboard */,
				D042F6D02842B57E0025468C /* Info.plist */,
				D042F6D62842B89F0025468C /* TableViewController.swift */,
				D042F6D82842CE040025468C /* InternetStatus.swift */,
			);
			path = PRAC02M07;
			sourceTree = "<group>";
		};
		D042F6DA2842D9B60025468C /* Frameworks */ = {
			isa = PBXGroup;
			children = (
				D042F6DD2842D9C20025468C /* Network.framework */,
				D042F6DB2842D9B60025468C /* WebKit.framework */,
			);
			name = Frameworks;
			sourceTree = "<group>";
		};
/* End PBXGroup section */

/* Begin PBXNativeTarget section */
		D042F6BE2842B57C0025468C /* PRAC02M07 */ = {
			isa = PBXNativeTarget;
			buildConfigurationList = D042F6D32842B57E0025468C /* Build configuration list for PBXNativeTarget "PRAC02M07" */;
			buildPhases = (
				D042F6BB2842B57C0025468C /* Sources */,
				D042F6BC2842B57C0025468C /* Frameworks */,
				D042F6BD2842B57C0025468C /* Resources */,
			);
			buildRules = (
			);
			dependencies = (
			);
			name = PRAC02M07;
			productName = PRAC02M07;
			productReference = D042F6BF2842B57C0025468C /* PRAC02M07.app */;
			productType = "com.apple.product-type.application";
		};
/* End PBXNativeTarget section */

/* Begin PBXProject section */
		D042F6B72842B57C0025468C /* Project object */ = {
			isa = PBXProject;
			attributes = {
				BuildIndependentTargetsInParallel = 1;
				LastSwiftUpdateCheck = 1310;
				LastUpgradeCheck = 1310;
				TargetAttributes = {
					D042F6BE2842B57C0025468C = {
						CreatedOnToolsVersion = 13.1;
					};
				};
			};
			buildConfigurationList = D042F6BA2842B57C0025468C /* Build configuration list for PBXProject "PRAC02M07" */;
			compatibilityVersion = "Xcode 13.0";
			developmentRegion = en;
			hasScannedForEncodings = 0;
			knownRegions = (
				en,
				Base,
			);
			mainGroup = D042F6B62842B57C0025468C;
			productRefGroup = D042F6C02842B57C0025468C /* Products */;
			projectDirPath = "";
			projectRoot = "";
			targets = (
				D042F6BE2842B57C0025468C /* PRAC02M07 */,
			);
		};
/* End PBXProject section */

/* Begin PBXResourcesBuildPhase section */
		D042F6BD2842B57C0025468C /* Resources */ = {
			isa = PBXResourcesBuildPhase;
			buildActionMask = 2147483647;
			files = (
				D042F6CF2842B57E0025468C /* LaunchScreen.storyboard in Resources */,
				D042F6CC2842B57E0025468C /* Assets.xcassets in Resources */,
				D042F6CA2842B57C0025468C /* Main.storyboard in Resources */,
			);
			runOnlyForDeploymentPostprocessing = 0;
		};
/* End PBXResourcesBuildPhase section */

/* Begin PBXSourcesBuildPhase section */
		D042F6BB2842B57C0025468C /* Sources */ = {
			isa = PBXSourcesBuildPhase;
			buildActionMask = 2147483647;
			files = (
				D042F6C72842B57C0025468C /* ViewController.swift in Sources */,
				D042F6C32842B57C0025468C /* AppDelegate.swift in Sources */,
				D042F6C52842B57C0025468C /* SceneDelegate.swift in Sources */,
				D042F6D72842B89F0025468C /* TableViewController.swift in Sources */,
				D042F6D92842CE040025468C /* InternetStatus.swift in Sources */,
			);
			runOnlyForDeploymentPostprocessing = 0;
		};
/* End PBXSourcesBuildPhase section */

/* Begin PBXVariantGroup section */
		D042F6C82842B57C0025468C /* Main.storyboard */ = {
			isa = PBXVariantGroup;
			children = (
				D042F6C92842B57C0025468C /* Base */,
			);
			name = Main.storyboard;
			sourceTree = "<group>";
		};
		D042F6CD2842B57E0025468C /* LaunchScreen.storyboard */ = {
			isa = PBXVariantGroup;
			children = (
				D042F6CE2842B57E0025468C /* Base */,
			);
			name = LaunchScreen.storyboard;
			sourceTree = "<group>";
		};
/* End PBXVariantGroup section */

/* Begin XCBuildConfiguration section */
		D042F6D12842B57E0025468C /* Debug */ = {
			isa = XCBuildConfiguration;
			buildSettings = {
				ALWAYS_SEARCH_USER_PATHS = NO;
				CLANG_ANALYZER_NONNULL = YES;
				CLANG_ANALYZER_NUMBER_OBJECT_CONVERSION = YES_AGGRESSIVE;
				CLANG_CXX_LANGUAGE_STANDARD = "gnu++17";
				CLANG_CXX_LIBRARY = "libc++";
				CLANG_ENABLE_MODULES = YES;
				CLANG_ENABLE_OBJC_ARC = YES;
				CLANG_ENABLE_OBJC_WEAK = YES;
				CLANG_WARN_BLOCK_CAPTURE_AUTORELEASING = YES;
				CLANG_WARN_BOOL_CONVERSION = YES;
				CLANG_WARN_COMMA = YES;
				CLANG_WARN_CONSTANT_CONVERSION = YES;
				CLANG_WARN_DEPRECATED_OBJC_IMPLEMENTATIONS = YES;
				CLANG_WARN_DIRECT_OBJC_ISA_USAGE = YES_ERROR;
				CLANG_WARN_DOCUMENTATION_COMMENTS = YES;
				CLANG_WARN_EMPTY_BODY = YES;
				CLANG_WARN_ENUM_CONVERSION = YES;
				CLANG_WARN_INFINITE_RECURSION = YES;
				CLANG_WARN_INT_CONVERSION = YES;
				CLANG_WARN_NON_LITERAL_NULL_CONVERSION = YES;
				CLANG_WARN_OBJC_IMPLICIT_RETAIN_SELF = YES;
				CLANG_WARN_OBJC_LITERAL_CONVERSION = YES;
				CLANG_WARN_OBJC_ROOT_CLASS = YES_ERROR;
				CLANG_WARN_QUOTED_INCLUDE_IN_FRAMEWORK_HEADER = YES;
				CLANG_WARN_RANGE_LOOP_ANALYSIS = YES;
				CLANG_WARN_STRICT_PROTOTYPES = YES;
				CLANG_WARN_SUSPICIOUS_MOVE = YES;
				CLANG_WARN_UNGUARDED_AVAILABILITY = YES_AGGRESSIVE;
				CLANG_WARN_UNREACHABLE_CODE = YES;
				CLANG_WARN__DUPLICATE_METHOD_MATCH = YES;
				COPY_PHASE_STRIP = NO;
				DEBUG_INFORMATION_FORMAT = dwarf;
				ENABLE_STRICT_OBJC_MSGSEND = YES;
				ENABLE_TESTABILITY = YES;
				GCC_C_LANGUAGE_STANDARD = gnu11;
				GCC_DYNAMIC_NO_PIC = NO;
				GCC_NO_COMMON_BLOCKS = YES;
				GCC_OPTIMIZATION_LEVEL = 0;
				GCC_PREPROCESSOR_DEFINITIONS = (
					"DEBUG=1",
					"$(inherited)",
				);
				GCC_WARN_64_TO_32_BIT_CONVERSION = YES;
				GCC_WARN_ABOUT_RETURN_TYPE = YES_ERROR;
				GCC_WARN_UNDECLARED_SELECTOR = YES;
				GCC_WARN_UNINITIALIZED_AUTOS = YES_AGGRESSIVE;
				GCC_WARN_UNUSED_FUNCTION = YES;
				GCC_WARN_UNUSED_VARIABLE = YES;
				IPHONEOS_DEPLOYMENT_TARGET = 15.0;
				MTL_ENABLE_DEBUG_INFO = INCLUDE_SOURCE;
				MTL_FAST_MATH = YES;
				ONLY_ACTIVE_ARCH = YES;
				SDKROOT = iphoneos;
				SWIFT_ACTIVE_COMPILATION_CONDITIONS = DEBUG;
				SWIFT_OPTIMIZATION_LEVEL = "-Onone";
			};
			name = Debug;
		};
		D042F6D22842B57E0025468C /* Release */ = {
			isa = XCBuildConfiguration;
			buildSettings = {
				ALWAYS_SEARCH_USER_PATHS = NO;
				CLANG_ANALYZER_NONNULL = YES;
				CLANG_ANALYZER_NUMBER_OBJECT_CONVERSION = YES_AGGRESSIVE;
				CLANG_CXX_LANGUAGE_STANDARD = "gnu++17";
				CLANG_CXX_LIBRARY = "libc++";
				CLANG_ENABLE_MODULES = YES;
				CLANG_ENABLE_OBJC_ARC = YES;
				CLANG_ENABLE_OBJC_WEAK = YES;
				CLANG_WARN_BLOCK_CAPTURE_AUTORELEASING = YES;
				CLANG_WARN_BOOL_CONVERSION = YES;
				CLANG_WARN_COMMA = YES;
				CLANG_WARN_CONSTANT_CONVERSION = YES;
				CLANG_WARN_DEPRECATED_OBJC_IMPLEMENTATIONS = YES;
				CLANG_WARN_DIRECT_OBJC_ISA_USAGE = YES_ERROR;
				CLANG_WARN_DOCUMENTATION_COMMENTS = YES;
				CLANG_WARN_EMPTY_BODY = YES;
				CLANG_WARN_ENUM_CONVERSION = YES;
				CLANG_WARN_INFINITE_RECURSION = YES;
				CLANG_WARN_INT_CONVERSION = YES;
				CLANG_WARN_NON_LITERAL_NULL_CONVERSION = YES;
				CLANG_WARN_OBJC_IMPLICIT_RETAIN_SELF = YES;
				CLANG_WARN_OBJC_LITERAL_CONVERSION = YES;
				CLANG_WARN_OBJC_ROOT_CLASS = YES_ERROR;
				CLANG_WARN_QUOTED_INCLUDE_IN_FRAMEWORK_HEADER = YES;
				CLANG_WARN_RANGE_LOOP_ANALYSIS = YES;
				CLANG_WARN_STRICT_PROTOTYPES = YES;
				CLANG_WARN_SUSPICIOUS_MOVE = YES;
				CLANG_WARN_UNGUARDED_AVAILABILITY = YES_AGGRESSIVE;
				CLANG_WARN_UNREACHABLE_CODE = YES;
				CLANG_WARN__DUPLICATE_METHOD_MATCH = YES;
				COPY_PHASE_STRIP = NO;
				DEBUG_INFORMATION_FORMAT = "dwarf-with-dsym";
				ENABLE_NS_ASSERTIONS = NO;
				ENABLE_STRICT_OBJC_MSGSEND = YES;
				GCC_C_LANGUAGE_STANDARD = gnu11;
				GCC_NO_COMMON_BLOCKS = YES;
				GCC_WARN_64_TO_32_BIT_CONVERSION = YES;
				GCC_WARN_ABOUT_RETURN_TYPE = YES_ERROR;
				GCC_WARN_UNDECLARED_SELECTOR = YES;
				GCC_WARN_UNINITIALIZED_AUTOS = YES_AGGRESSIVE;
				GCC_WARN_UNUSED_FUNCTION = YES;
				GCC_WARN_UNUSED_VARIABLE = YES;
				IPHONEOS_DEPLOYMENT_TARGET = 15.0;
				MTL_ENABLE_DEBUG_INFO = NO;
				MTL_FAST_MATH = YES;
				SDKROOT = iphoneos;
				SWIFT_COMPILATION_MODE = wholemodule;
				SWIFT_OPTIMIZATION_LEVEL = "-O";
				VALIDATE_PRODUCT = YES;
			};
			name = Release;
		};
		D042F6D42842B57E0025468C /* Debug */ = {
			isa = XCBuildConfiguration;
			buildSettings = {
				ASSETCATALOG_COMPILER_APPICON_NAME = AppIcon;
				ASSETCATALOG_COMPILER_GLOBAL_ACCENT_COLOR_NAME = AccentColor;
				CODE_SIGN_STYLE = Automatic;
				CURRENT_PROJECT_VERSION = 1;
				DEVELOPMENT_TEAM = A26BSB4QL6;
				GENERATE_INFOPLIST_FILE = YES;
				INFOPLIST_FILE = PRAC02M07/Info.plist;
				INFOPLIST_KEY_UIApplicationSupportsIndirectInputEvents = YES;
				INFOPLIST_KEY_UILaunchStoryboardName = LaunchScreen;
				INFOPLIST_KEY_UIMainStoryboardFile = Main;
				INFOPLIST_KEY_UISupportedInterfaceOrientations = UIInterfaceOrientationPortrait;
				INFOPLIST_KEY_UISupportedInterfaceOrientations_iPad = "UIInterfaceOrientationPortrait UIInterfaceOrientationPortraitUpsideDown UIInterfaceOrientationLandscapeLeft UIInterfaceOrientationLandscapeRight";
				INFOPLIST_KEY_UISupportedInterfaceOrientations_iPhone = "UIInterfaceOrientationPortrait UIInterfaceOrientationLandscapeLeft UIInterfaceOrientationLandscapeRight";
				LD_RUNPATH_SEARCH_PATHS = (
					"$(inherited)",
					"@executable_path/Frameworks",
				);
				MARKETING_VERSION = 1.0;
				PRODUCT_BUNDLE_IDENTIFIER = com.dev.eraydel.PRAC02M07;
				PRODUCT_NAME = "$(TARGET_NAME)";
				SWIFT_EMIT_LOC_STRINGS = YES;
				SWIFT_VERSION = 5.0;
				TARGETED_DEVICE_FAMILY = 1;
			};
			name = Debug;
		};
		D042F6D52842B57E0025468C /* Release */ = {
			isa = XCBuildConfiguration;
			buildSettings = {
				ASSETCATALOG_COMPILER_APPICON_NAME = AppIcon;
				ASSETCATALOG_COMPILER_GLOBAL_ACCENT_COLOR_NAME = AccentColor;
				CODE_SIGN_STYLE = Automatic;
				CURRENT_PROJECT_VERSION = 1;
				DEVELOPMENT_TEAM = A26BSB4QL6;
				GENERATE_INFOPLIST_FILE = YES;
				INFOPLIST_FILE = PRAC02M07/Info.plist;
				INFOPLIST_KEY_UIApplicationSupportsIndirectInputEvents = YES;
				INFOPLIST_KEY_UILaunchStoryboardName = LaunchScreen;
				INFOPLIST_KEY_UIMainStoryboardFile = Main;
				INFOPLIST_KEY_UISupportedInterfaceOrientations = UIInterfaceOrientationPortrait;
				INFOPLIST_KEY_UISupportedInterfaceOrientations_iPad = "UIInterfaceOrientationPortrait UIInterfaceOrientationPortraitUpsideDown UIInterfaceOrientationLandscapeLeft UIInterfaceOrientationLandscapeRight";
				INFOPLIST_KEY_UISupportedInterfaceOrientations_iPhone = "UIInterfaceOrientationPortrait UIInterfaceOrientationLandscapeLeft UIInterfaceOrientationLandscapeRight";
				LD_RUNPATH_SEARCH_PATHS = (
					"$(inherited)",
					"@executable_path/Frameworks",
				);
				MARKETING_VERSION = 1.0;
				PRODUCT_BUNDLE_IDENTIFIER = com.dev.eraydel.PRAC02M07;
				PRODUCT_NAME = "$(TARGET_NAME)";
				SWIFT_EMIT_LOC_STRINGS = YES;
				SWIFT_VERSION = 5.0;
				TARGETED_DEVICE_FAMILY = 1;
			};
			name = Release;
		};
/* End XCBuildConfiguration section */

/* Begin XCConfigurationList section */
		D042F6BA2842B57C0025468C /* Build configuration list for PBXProject "PRAC02M07" */ = {
			isa = XCConfigurationList;
			buildConfigurations = (
				D042F6D12842B57E0025468C /* Debug */,
				D042F6D22842B57E0025468C /* Release */,
			);
			defaultConfigurationIsVisible = 0;
			defaultConfigurationName = Release;
		};
		D042F6D32842B57E0025468C /* Build configuration list for PBXNativeTarget "PRAC02M07" */ = {
			isa = XCConfigurationList;
			buildConfigurations = (
				D042F6D42842B57E0025468C /* Debug */,
				D042F6D52842B57E0025468C /* Release */,
			);
			defaultConfigurationIsVisible = 0;
			defaultConfigurationName = Release;
		};
/* End XCConfigurationList section */
	};
	rootObject = D042F6B72842B57C0025468C /* Project object */;
}
